// !$*UTF8*$!
{
	archiveVersion = 1;
	classes = {
	};
	objectVersion = 46;
	objects = {

/* Begin PBXBuildFile section */
		AA3108D71C57387D003F92E8 /* SettingsViewController.swift in Sources */ = {isa = PBXBuildFile; fileRef = AA3108D61C57387D003F92E8 /* SettingsViewController.swift */; };
		AA3108DF1C58697C003F92E8 /* KkListActionSheet.xib in Resources */ = {isa = PBXBuildFile; fileRef = AA3108DC1C58697C003F92E8 /* KkListActionSheet.xib */; };
		AA3108E01C58697C003F92E8 /* KkListActionSheet.swift in Sources */ = {isa = PBXBuildFile; fileRef = AA3108DD1C58697C003F92E8 /* KkListActionSheet.swift */; };
		AA3108E11C58697C003F92E8 /* KkListCloseButton.swift in Sources */ = {isa = PBXBuildFile; fileRef = AA3108DE1C58697C003F92E8 /* KkListCloseButton.swift */; };
		AA3108E41C588B01003F92E8 /* AudioCell.xib in Resources */ = {isa = PBXBuildFile; fileRef = AA3108E31C588B01003F92E8 /* AudioCell.xib */; };
		AA3108E61C588B57003F92E8 /* AudioCell.swift in Sources */ = {isa = PBXBuildFile; fileRef = AA3108E51C588B57003F92E8 /* AudioCell.swift */; };
		AA64121C1C55D2A0007076DE /* AVFoundation.framework in Frameworks */ = {isa = PBXBuildFile; fileRef = AA64121B1C55D2A0007076DE /* AVFoundation.framework */; };
		AA6412221C55D2E8007076DE /* rollo.wav in Resources */ = {isa = PBXBuildFile; fileRef = AA64121E1C55D2E8007076DE /* rollo.wav */; };
		AA6412231C55D2E8007076DE /* mantel.wav in Resources */ = {isa = PBXBuildFile; fileRef = AA64121F1C55D2E8007076DE /* mantel.wav */; };
		AA6412241C55D2E8007076DE /* mechanical.wav in Resources */ = {isa = PBXBuildFile; fileRef = AA6412201C55D2E8007076DE /* mechanical.wav */; };
		AA6412251C55D2E8007076DE /* mono.wav in Resources */ = {isa = PBXBuildFile; fileRef = AA6412211C55D2E8007076DE /* mono.wav */; };
		AA6412291C55D80C007076DE /* grandfather.wav in Resources */ = {isa = PBXBuildFile; fileRef = AA6412281C55D80C007076DE /* grandfather.wav */; };
		AA6412331C55D823007076DE /* rsilveira.wav in Resources */ = {isa = PBXBuildFile; fileRef = AA64122C1C55D823007076DE /* rsilveira.wav */; };
		AA6412341C55D823007076DE /* alwegs.wav in Resources */ = {isa = PBXBuildFile; fileRef = AA64122D1C55D823007076DE /* alwegs.wav */; };
		AA6412351C55D823007076DE /* sangtao.wav in Resources */ = {isa = PBXBuildFile; fileRef = AA64122E1C55D823007076DE /* sangtao.wav */; };
		AA6412361C55D823007076DE /* fredemo.wav in Resources */ = {isa = PBXBuildFile; fileRef = AA64122F1C55D823007076DE /* fredemo.wav */; };
		AA6412371C55D823007076DE /* rewind.wav in Resources */ = {isa = PBXBuildFile; fileRef = AA6412301C55D823007076DE /* rewind.wav */; };
		AA6412391C55D8B7007076DE /* 120bpm.wav in Resources */ = {isa = PBXBuildFile; fileRef = AA6412381C55D8B7007076DE /* 120bpm.wav */; };
		AA64124B1C55EBCC007076DE /* UIView+YALConstraints.m in Sources */ = {isa = PBXBuildFile; fileRef = AA6412471C55EBCC007076DE /* UIView+YALConstraints.m */; };
		AA64124C1C55EBCC007076DE /* YALContextMenuTableView.m in Sources */ = {isa = PBXBuildFile; fileRef = AA6412491C55EBCC007076DE /* YALContextMenuTableView.m */; };
		AA6412541C5630EE007076DE /* ContextMenuCell.xib in Resources */ = {isa = PBXBuildFile; fileRef = AA6412531C5630EE007076DE /* ContextMenuCell.xib */; };
		AA6412561C56313B007076DE /* ContextMenuCell.swift in Sources */ = {isa = PBXBuildFile; fileRef = AA6412551C56313B007076DE /* ContextMenuCell.swift */; };
		AA64125A1C563CC2007076DE /* YALNavigationBar.m in Sources */ = {isa = PBXBuildFile; fileRef = AA6412591C563CC2007076DE /* YALNavigationBar.m */; };
		AAD6D86D1C54904700BFC22E /* DVSCircularTimeSlider.swift in Sources */ = {isa = PBXBuildFile; fileRef = AAD6D86C1C54904700BFC22E /* DVSCircularTimeSlider.swift */; };
		AAD6D8791C54B84500BFC22E /* EFCircularSlider.m in Sources */ = {isa = PBXBuildFile; fileRef = AAD6D8761C54B84500BFC22E /* EFCircularSlider.m */; };
		AAD6D87A1C54B84500BFC22E /* EFCircularTrig.m in Sources */ = {isa = PBXBuildFile; fileRef = AAD6D8781C54B84500BFC22E /* EFCircularTrig.m */; };
		AAD6D87C1C54B8A000BFC22E /* EFCircularSlider.h in Sources */ = {isa = PBXBuildFile; fileRef = AAD6D8751C54B84500BFC22E /* EFCircularSlider.h */; };
		AAD6D87D1C54B8A000BFC22E /* EFCircularTrig.h in Sources */ = {isa = PBXBuildFile; fileRef = AAD6D8771C54B84500BFC22E /* EFCircularTrig.h */; };
		AAD6D87E1C54B8A000BFC22E /* Kikan-Bridging-Header.h in Sources */ = {isa = PBXBuildFile; fileRef = AAD6D87B1C54B88000BFC22E /* Kikan-Bridging-Header.h */; };
		AAD6D8801C54BBB800BFC22E /* FirstViewController.swift in Sources */ = {isa = PBXBuildFile; fileRef = AAD6D87F1C54BBB800BFC22E /* FirstViewController.swift */; };
		AADFA2471C54397D00E3F057 /* AppDelegate.swift in Sources */ = {isa = PBXBuildFile; fileRef = AADFA2461C54397D00E3F057 /* AppDelegate.swift */; };
		AADFA24C1C54397D00E3F057 /* Main.storyboard in Resources */ = {isa = PBXBuildFile; fileRef = AADFA24A1C54397D00E3F057 /* Main.storyboard */; };
		AADFA24E1C54397D00E3F057 /* Assets.xcassets in Resources */ = {isa = PBXBuildFile; fileRef = AADFA24D1C54397D00E3F057 /* Assets.xcassets */; };
		AADFA2511C54397D00E3F057 /* LaunchScreen.storyboard in Resources */ = {isa = PBXBuildFile; fileRef = AADFA24F1C54397D00E3F057 /* LaunchScreen.storyboard */; };
/* End PBXBuildFile section */

/* Begin PBXFileReference section */
		AA3108D61C57387D003F92E8 /* SettingsViewController.swift */ = {isa = PBXFileReference; fileEncoding = 4; lastKnownFileType = sourcecode.swift; path = SettingsViewController.swift; sourceTree = "<group>"; };
		AA3108DC1C58697C003F92E8 /* KkListActionSheet.xib */ = {isa = PBXFileReference; fileEncoding = 4; lastKnownFileType = file.xib; path = KkListActionSheet.xib; sourceTree = "<group>"; };
		AA3108DD1C58697C003F92E8 /* KkListActionSheet.swift */ = {isa = PBXFileReference; fileEncoding = 4; lastKnownFileType = sourcecode.swift; path = KkListActionSheet.swift; sourceTree = "<group>"; };
		AA3108DE1C58697C003F92E8 /* KkListCloseButton.swift */ = {isa = PBXFileReference; fileEncoding = 4; lastKnownFileType = sourcecode.swift; path = KkListCloseButton.swift; sourceTree = "<group>"; };
		AA3108E31C588B01003F92E8 /* AudioCell.xib */ = {isa = PBXFileReference; fileEncoding = 4; lastKnownFileType = file.xib; path = AudioCell.xib; sourceTree = "<group>"; };
		AA3108E51C588B57003F92E8 /* AudioCell.swift */ = {isa = PBXFileReference; fileEncoding = 4; lastKnownFileType = sourcecode.swift; path = AudioCell.swift; sourceTree = "<group>"; };
		AA64121B1C55D2A0007076DE /* AVFoundation.framework */ = {isa = PBXFileReference; lastKnownFileType = wrapper.framework; name = AVFoundation.framework; path = System/Library/Frameworks/AVFoundation.framework; sourceTree = SDKROOT; };
		AA64121E1C55D2E8007076DE /* rollo.wav */ = {isa = PBXFileReference; lastKnownFileType = audio.wav; path = rollo.wav; sourceTree = "<group>"; };
		AA64121F1C55D2E8007076DE /* mantel.wav */ = {isa = PBXFileReference; lastKnownFileType = audio.wav; path = mantel.wav; sourceTree = "<group>"; };
		AA6412201C55D2E8007076DE /* mechanical.wav */ = {isa = PBXFileReference; lastKnownFileType = audio.wav; path = mechanical.wav; sourceTree = "<group>"; };
		AA6412211C55D2E8007076DE /* mono.wav */ = {isa = PBXFileReference; lastKnownFileType = audio.wav; path = mono.wav; sourceTree = "<group>"; };
		AA6412281C55D80C007076DE /* grandfather.wav */ = {isa = PBXFileReference; lastKnownFileType = audio.wav; path = grandfather.wav; sourceTree = "<group>"; };
		AA64122C1C55D823007076DE /* rsilveira.wav */ = {isa = PBXFileReference; lastKnownFileType = audio.wav; path = rsilveira.wav; sourceTree = "<group>"; };
		AA64122D1C55D823007076DE /* alwegs.wav */ = {isa = PBXFileReference; lastKnownFileType = audio.wav; path = alwegs.wav; sourceTree = "<group>"; };
		AA64122E1C55D823007076DE /* sangtao.wav */ = {isa = PBXFileReference; lastKnownFileType = audio.wav; path = sangtao.wav; sourceTree = "<group>"; };
		AA64122F1C55D823007076DE /* fredemo.wav */ = {isa = PBXFileReference; lastKnownFileType = audio.wav; path = fredemo.wav; sourceTree = "<group>"; };
		AA6412301C55D823007076DE /* rewind.wav */ = {isa = PBXFileReference; lastKnownFileType = audio.wav; path = rewind.wav; sourceTree = "<group>"; };
		AA6412381C55D8B7007076DE /* 120bpm.wav */ = {isa = PBXFileReference; lastKnownFileType = audio.wav; path = 120bpm.wav; sourceTree = "<group>"; };
		AA6412461C55EBCC007076DE /* UIView+YALConstraints.h */ = {isa = PBXFileReference; fileEncoding = 4; lastKnownFileType = sourcecode.c.h; path = "UIView+YALConstraints.h"; sourceTree = "<group>"; };
		AA6412471C55EBCC007076DE /* UIView+YALConstraints.m */ = {isa = PBXFileReference; fileEncoding = 4; lastKnownFileType = sourcecode.c.objc; path = "UIView+YALConstraints.m"; sourceTree = "<group>"; };
		AA6412481C55EBCC007076DE /* YALContextMenuTableView.h */ = {isa = PBXFileReference; fileEncoding = 4; lastKnownFileType = sourcecode.c.h; path = YALContextMenuTableView.h; sourceTree = "<group>"; };
		AA6412491C55EBCC007076DE /* YALContextMenuTableView.m */ = {isa = PBXFileReference; fileEncoding = 4; lastKnownFileType = sourcecode.c.objc; path = YALContextMenuTableView.m; sourceTree = "<group>"; };
		AA64124A1C55EBCC007076DE /* YALContextMenuCell.h */ = {isa = PBXFileReference; fileEncoding = 4; lastKnownFileType = sourcecode.c.h; path = YALContextMenuCell.h; sourceTree = "<group>"; };
		AA6412531C5630EE007076DE /* ContextMenuCell.xib */ = {isa = PBXFileReference; fileEncoding = 4; lastKnownFileType = file.xib; name = ContextMenuCell.xib; path = ../ContextMenuCell.xib; sourceTree = "<group>"; };
		AA6412551C56313B007076DE /* ContextMenuCell.swift */ = {isa = PBXFileReference; fileEncoding = 4; lastKnownFileType = sourcecode.swift; path = ContextMenuCell.swift; sourceTree = "<group>"; };
		AA6412581C563CC2007076DE /* YALNavigationBar.h */ = {isa = PBXFileReference; fileEncoding = 4; lastKnownFileType = sourcecode.c.h; path = YALNavigationBar.h; sourceTree = "<group>"; };
		AA6412591C563CC2007076DE /* YALNavigationBar.m */ = {isa = PBXFileReference; fileEncoding = 4; lastKnownFileType = sourcecode.c.objc; path = YALNavigationBar.m; sourceTree = "<group>"; };
		AAD6D86C1C54904700BFC22E /* DVSCircularTimeSlider.swift */ = {isa = PBXFileReference; fileEncoding = 4; lastKnownFileType = sourcecode.swift; path = DVSCircularTimeSlider.swift; sourceTree = "<group>"; };
		AAD6D8751C54B84500BFC22E /* EFCircularSlider.h */ = {isa = PBXFileReference; fileEncoding = 4; lastKnownFileType = sourcecode.c.h; path = EFCircularSlider.h; sourceTree = "<group>"; };
		AAD6D8761C54B84500BFC22E /* EFCircularSlider.m */ = {isa = PBXFileReference; fileEncoding = 4; lastKnownFileType = sourcecode.c.objc; path = EFCircularSlider.m; sourceTree = "<group>"; };
		AAD6D8771C54B84500BFC22E /* EFCircularTrig.h */ = {isa = PBXFileReference; fileEncoding = 4; lastKnownFileType = sourcecode.c.h; path = EFCircularTrig.h; sourceTree = "<group>"; };
		AAD6D8781C54B84500BFC22E /* EFCircularTrig.m */ = {isa = PBXFileReference; fileEncoding = 4; lastKnownFileType = sourcecode.c.objc; path = EFCircularTrig.m; sourceTree = "<group>"; };
		AAD6D87B1C54B88000BFC22E /* Kikan-Bridging-Header.h */ = {isa = PBXFileReference; fileEncoding = 4; lastKnownFileType = sourcecode.c.h; path = "Kikan-Bridging-Header.h"; sourceTree = "<group>"; };
		AAD6D87F1C54BBB800BFC22E /* FirstViewController.swift */ = {isa = PBXFileReference; fileEncoding = 4; lastKnownFileType = sourcecode.swift; path = FirstViewController.swift; sourceTree = "<group>"; };
		AADFA2431C54397D00E3F057 /* Kikan.app */ = {isa = PBXFileReference; explicitFileType = wrapper.application; includeInIndex = 0; path = Kikan.app; sourceTree = BUILT_PRODUCTS_DIR; };
		AADFA2461C54397D00E3F057 /* AppDelegate.swift */ = {isa = PBXFileReference; lastKnownFileType = sourcecode.swift; path = AppDelegate.swift; sourceTree = "<group>"; };
		AADFA24B1C54397D00E3F057 /* Base */ = {isa = PBXFileReference; lastKnownFileType = file.storyboard; name = Base; path = Base.lproj/Main.storyboard; sourceTree = "<group>"; };
		AADFA24D1C54397D00E3F057 /* Assets.xcassets */ = {isa = PBXFileReference; lastKnownFileType = folder.assetcatalog; path = Assets.xcassets; sourceTree = "<group>"; };
		AADFA2501C54397D00E3F057 /* Base */ = {isa = PBXFileReference; lastKnownFileType = file.storyboard; name = Base; path = Base.lproj/LaunchScreen.storyboard; sourceTree = "<group>"; };
		AADFA2521C54397D00E3F057 /* Info.plist */ = {isa = PBXFileReference; lastKnownFileType = text.plist.xml; path = Info.plist; sourceTree = "<group>"; };
/* End PBXFileReference section */

/* Begin PBXFrameworksBuildPhase section */
		AADFA2401C54397D00E3F057 /* Frameworks */ = {
			isa = PBXFrameworksBuildPhase;
			buildActionMask = 2147483647;
			files = (
				AA64121C1C55D2A0007076DE /* AVFoundation.framework in Frameworks */,
			);
			runOnlyForDeploymentPostprocessing = 0;
		};
/* End PBXFrameworksBuildPhase section */

/* Begin PBXGroup section */
		AA3108E21C586987003F92E8 /* KkListActionSheet */ = {
			isa = PBXGroup;
			children = (
				AA3108DC1C58697C003F92E8 /* KkListActionSheet.xib */,
				AA3108DD1C58697C003F92E8 /* KkListActionSheet.swift */,
				AA3108DE1C58697C003F92E8 /* KkListCloseButton.swift */,
			);
			name = KkListActionSheet;
			sourceTree = "<group>";
		};
		AA64121D1C55D2C5007076DE /* sound */ = {
			isa = PBXGroup;
			children = (
				AA6412271C55D65A007076DE /* terminate */,
				AA6412261C55D63A007076DE /* tick */,
			);
			name = sound;
			sourceTree = "<group>";
		};
		AA6412261C55D63A007076DE /* tick */ = {
			isa = PBXGroup;
			children = (
				AA6412281C55D80C007076DE /* grandfather.wav */,
				AA64121E1C55D2E8007076DE /* rollo.wav */,
				AA64121F1C55D2E8007076DE /* mantel.wav */,
				AA6412201C55D2E8007076DE /* mechanical.wav */,
				AA6412211C55D2E8007076DE /* mono.wav */,
			);
			name = tick;
			sourceTree = "<group>";
		};
		AA6412271C55D65A007076DE /* terminate */ = {
			isa = PBXGroup;
			children = (
				AA6412381C55D8B7007076DE /* 120bpm.wav */,
				AA64122C1C55D823007076DE /* rsilveira.wav */,
				AA64122D1C55D823007076DE /* alwegs.wav */,
				AA64122E1C55D823007076DE /* sangtao.wav */,
				AA64122F1C55D823007076DE /* fredemo.wav */,
				AA6412301C55D823007076DE /* rewind.wav */,
			);
			name = terminate;
			sourceTree = "<group>";
		};
		AA64123A1C55E9E5007076DE /* EFCircularSlider */ = {
			isa = PBXGroup;
			children = (
				AAD6D8751C54B84500BFC22E /* EFCircularSlider.h */,
				AAD6D8761C54B84500BFC22E /* EFCircularSlider.m */,
				AAD6D8771C54B84500BFC22E /* EFCircularTrig.h */,
				AAD6D8781C54B84500BFC22E /* EFCircularTrig.m */,
			);
			name = EFCircularSlider;
			sourceTree = "<group>";
		};
		AA64123B1C55EA1A007076DE /* DVSCircularTimeSlider */ = {
			isa = PBXGroup;
			children = (
				AAD6D86C1C54904700BFC22E /* DVSCircularTimeSlider.swift */,
			);
			name = DVSCircularTimeSlider;
			sourceTree = "<group>";
		};
		AA64123E1C55EB9C007076DE /* YALContextMenu */ = {
			isa = PBXGroup;
			children = (
				AA6412581C563CC2007076DE /* YALNavigationBar.h */,
				AA6412591C563CC2007076DE /* YALNavigationBar.m */,
				AA6412461C55EBCC007076DE /* UIView+YALConstraints.h */,
				AA6412471C55EBCC007076DE /* UIView+YALConstraints.m */,
				AA6412481C55EBCC007076DE /* YALContextMenuTableView.h */,
				AA6412491C55EBCC007076DE /* YALContextMenuTableView.m */,
				AA64124A1C55EBCC007076DE /* YALContextMenuCell.h */,
			);
			name = YALContextMenu;
			sourceTree = "<group>";
		};
		AA6412571C563BE5007076DE /* custom_cell */ = {
			isa = PBXGroup;
			children = (
				AA3108E31C588B01003F92E8 /* AudioCell.xib */,
				AA3108E51C588B57003F92E8 /* AudioCell.swift */,
				AA6412531C5630EE007076DE /* ContextMenuCell.xib */,
				AA6412551C56313B007076DE /* ContextMenuCell.swift */,
			);
			name = custom_cell;
			sourceTree = "<group>";
		};
		AAD6D86B1C54903000BFC22E /* lib */ = {
			isa = PBXGroup;
			children = (
				AA3108E21C586987003F92E8 /* KkListActionSheet */,
				AA64123E1C55EB9C007076DE /* YALContextMenu */,
				AA64123B1C55EA1A007076DE /* DVSCircularTimeSlider */,
				AA64123A1C55E9E5007076DE /* EFCircularSlider */,
				AAD6D87B1C54B88000BFC22E /* Kikan-Bridging-Header.h */,
			);
			name = lib;
			sourceTree = "<group>";
		};
		AADFA23A1C54397D00E3F057 = {
			isa = PBXGroup;
			children = (
				AA64121B1C55D2A0007076DE /* AVFoundation.framework */,
				AADFA2451C54397D00E3F057 /* Kikan */,
				AADFA2441C54397D00E3F057 /* Products */,
			);
			sourceTree = "<group>";
		};
		AADFA2441C54397D00E3F057 /* Products */ = {
			isa = PBXGroup;
			children = (
				AADFA2431C54397D00E3F057 /* Kikan.app */,
			);
			name = Products;
			sourceTree = "<group>";
		};
		AADFA2451C54397D00E3F057 /* Kikan */ = {
			isa = PBXGroup;
			children = (
				AA6412571C563BE5007076DE /* custom_cell */,
				AA64121D1C55D2C5007076DE /* sound */,
				AAD6D86B1C54903000BFC22E /* lib */,
				AADFA2461C54397D00E3F057 /* AppDelegate.swift */,
				AADFA24A1C54397D00E3F057 /* Main.storyboard */,
				AADFA24D1C54397D00E3F057 /* Assets.xcassets */,
				AADFA24F1C54397D00E3F057 /* LaunchScreen.storyboard */,
				AADFA2521C54397D00E3F057 /* Info.plist */,
				AAD6D87F1C54BBB800BFC22E /* FirstViewController.swift */,
				AA3108D61C57387D003F92E8 /* SettingsViewController.swift */,
			);
			path = Kikan;
			sourceTree = "<group>";
		};
/* End PBXGroup section */

/* Begin PBXNativeTarget section */
		AADFA2421C54397D00E3F057 /* Kikan */ = {
			isa = PBXNativeTarget;
			buildConfigurationList = AADFA2551C54397D00E3F057 /* Build configuration list for PBXNativeTarget "Kikan" */;
			buildPhases = (
				AADFA23F1C54397D00E3F057 /* Sources */,
				AADFA2401C54397D00E3F057 /* Frameworks */,
				AADFA2411C54397D00E3F057 /* Resources */,
			);
			buildRules = (
			);
			dependencies = (
			);
			name = Kikan;
			productName = Kikan;
			productReference = AADFA2431C54397D00E3F057 /* Kikan.app */;
			productType = "com.apple.product-type.application";
		};
/* End PBXNativeTarget section */

/* Begin PBXProject section */
		AADFA23B1C54397D00E3F057 /* Project object */ = {
			isa = PBXProject;
			attributes = {
				LastSwiftUpdateCheck = 0720;
				LastUpgradeCheck = 0720;
				ORGANIZATIONNAME = gs;
				TargetAttributes = {
					AADFA2421C54397D00E3F057 = {
						CreatedOnToolsVersion = 7.2;
					};
				};
			};
			buildConfigurationList = AADFA23E1C54397D00E3F057 /* Build configuration list for PBXProject "Kikan" */;
			compatibilityVersion = "Xcode 3.2";
			developmentRegion = English;
			hasScannedForEncodings = 0;
			knownRegions = (
				en,
				Base,
			);
			mainGroup = AADFA23A1C54397D00E3F057;
			productRefGroup = AADFA2441C54397D00E3F057 /* Products */;
			projectDirPath = "";
			projectRoot = "";
			targets = (
				AADFA2421C54397D00E3F057 /* Kikan */,
			);
		};
/* End PBXProject section */

/* Begin PBXResourcesBuildPhase section */
		AADFA2411C54397D00E3F057 /* Resources */ = {
			isa = PBXResourcesBuildPhase;
			buildActionMask = 2147483647;
			files = (
				AA6412331C55D823007076DE /* rsilveira.wav in Resources */,
				AA6412541C5630EE007076DE /* ContextMenuCell.xib in Resources */,
				AA6412361C55D823007076DE /* fredemo.wav in Resources */,
				AA6412291C55D80C007076DE /* grandfather.wav in Resources */,
				AA6412371C55D823007076DE /* rewind.wav in Resources */,
				AA6412341C55D823007076DE /* alwegs.wav in Resources */,
				AA6412221C55D2E8007076DE /* rollo.wav in Resources */,
				AA6412251C55D2E8007076DE /* mono.wav in Resources */,
				AA3108E41C588B01003F92E8 /* AudioCell.xib in Resources */,
				AADFA2511C54397D00E3F057 /* LaunchScreen.storyboard in Resources */,
				AA6412351C55D823007076DE /* sangtao.wav in Resources */,
				AA6412241C55D2E8007076DE /* mechanical.wav in Resources */,
				AA6412391C55D8B7007076DE /* 120bpm.wav in Resources */,
				AADFA24E1C54397D00E3F057 /* Assets.xcassets in Resources */,
				AADFA24C1C54397D00E3F057 /* Main.storyboard in Resources */,
				AA6412231C55D2E8007076DE /* mantel.wav in Resources */,
				AA3108DF1C58697C003F92E8 /* KkListActionSheet.xib in Resources */,
			);
			runOnlyForDeploymentPostprocessing = 0;
		};
/* End PBXResourcesBuildPhase section */

/* Begin PBXSourcesBuildPhase section */
		AADFA23F1C54397D00E3F057 /* Sources */ = {
			isa = PBXSourcesBuildPhase;
			buildActionMask = 2147483647;
			files = (
				AA6412561C56313B007076DE /* ContextMenuCell.swift in Sources */,
				AAD6D87D1C54B8A000BFC22E /* EFCircularTrig.h in Sources */,
				AAD6D87A1C54B84500BFC22E /* EFCircularTrig.m in Sources */,
				AAD6D87C1C54B8A000BFC22E /* EFCircularSlider.h in Sources */,
				AA64125A1C563CC2007076DE /* YALNavigationBar.m in Sources */,
				AA3108E11C58697C003F92E8 /* KkListCloseButton.swift in Sources */,
				AA64124B1C55EBCC007076DE /* UIView+YALConstraints.m in Sources */,
				AAD6D8791C54B84500BFC22E /* EFCircularSlider.m in Sources */,
				AA64124C1C55EBCC007076DE /* YALContextMenuTableView.m in Sources */,
				AAD6D86D1C54904700BFC22E /* DVSCircularTimeSlider.swift in Sources */,
				AA3108E01C58697C003F92E8 /* KkListActionSheet.swift in Sources */,
				AAD6D87E1C54B8A000BFC22E /* Kikan-Bridging-Header.h in Sources */,
				AA3108E61C588B57003F92E8 /* AudioCell.swift in Sources */,
				AA3108D71C57387D003F92E8 /* SettingsViewController.swift in Sources */,
				AAD6D8801C54BBB800BFC22E /* FirstViewController.swift in Sources */,
				AADFA2471C54397D00E3F057 /* AppDelegate.swift in Sources */,
			);
			runOnlyForDeploymentPostprocessing = 0;
		};
/* End PBXSourcesBuildPhase section */

/* Begin PBXVariantGroup section */
		AADFA24A1C54397D00E3F057 /* Main.storyboard */ = {
			isa = PBXVariantGroup;
			children = (
				AADFA24B1C54397D00E3F057 /* Base */,
			);
			name = Main.storyboard;
			sourceTree = "<group>";
		};
		AADFA24F1C54397D00E3F057 /* LaunchScreen.storyboard */ = {
			isa = PBXVariantGroup;
			children = (
				AADFA2501C54397D00E3F057 /* Base */,
			);
			name = LaunchScreen.storyboard;
			sourceTree = "<group>";
		};
/* End PBXVariantGroup section */

/* Begin XCBuildConfiguration section */
		AADFA2531C54397D00E3F057 /* Debug */ = {
			isa = XCBuildConfiguration;
			buildSettings = {
				ALWAYS_SEARCH_USER_PATHS = NO;
				CLANG_CXX_LANGUAGE_STANDARD = "gnu++0x";
				CLANG_CXX_LIBRARY = "libc++";
				CLANG_ENABLE_MODULES = YES;
				CLANG_ENABLE_OBJC_ARC = YES;
				CLANG_WARN_BOOL_CONVERSION = YES;
				CLANG_WARN_CONSTANT_CONVERSION = YES;
				CLANG_WARN_DIRECT_OBJC_ISA_USAGE = YES_ERROR;
				CLANG_WARN_EMPTY_BODY = YES;
				CLANG_WARN_ENUM_CONVERSION = YES;
				CLANG_WARN_INT_CONVERSION = YES;
				CLANG_WARN_OBJC_ROOT_CLASS = YES_ERROR;
				CLANG_WARN_UNREACHABLE_CODE = YES;
				CLANG_WARN__DUPLICATE_METHOD_MATCH = YES;
				"CODE_SIGN_IDENTITY[sdk=iphoneos*]" = "iPhone Developer";
				COPY_PHASE_STRIP = NO;
				DEBUG_INFORMATION_FORMAT = dwarf;
				ENABLE_STRICT_OBJC_MSGSEND = YES;
				ENABLE_TESTABILITY = YES;
				GCC_C_LANGUAGE_STANDARD = gnu99;
				GCC_DYNAMIC_NO_PIC = NO;
				GCC_NO_COMMON_BLOCKS = YES;
				GCC_OPTIMIZATION_LEVEL = 0;
				GCC_PREPROCESSOR_DEFINITIONS = (
					"DEBUG=1",
					"$(inherited)",
				);
				GCC_WARN_64_TO_32_BIT_CONVERSION = YES;
				GCC_WARN_ABOUT_RETURN_TYPE = YES_ERROR;
				GCC_WARN_UNDECLARED_SELECTOR = YES;
				GCC_WARN_UNINITIALIZED_AUTOS = YES_AGGRESSIVE;
				GCC_WARN_UNUSED_FUNCTION = YES;
				GCC_WARN_UNUSED_VARIABLE = YES;
				IPHONEOS_DEPLOYMENT_TARGET = 9.2;
				MTL_ENABLE_DEBUG_INFO = YES;
				ONLY_ACTIVE_ARCH = YES;
				SDKROOT = iphoneos;
				SWIFT_OPTIMIZATION_LEVEL = "-Onone";
			};
			name = Debug;
		};
		AADFA2541C54397D00E3F057 /* Release */ = {
			isa = XCBuildConfiguration;
			buildSettings = {
				ALWAYS_SEARCH_USER_PATHS = NO;
				CLANG_CXX_LANGUAGE_STANDARD = "gnu++0x";
				CLANG_CXX_LIBRARY = "libc++";
				CLANG_ENABLE_MODULES = YES;
				CLANG_ENABLE_OBJC_ARC = YES;
				CLANG_WARN_BOOL_CONVERSION = YES;
				CLANG_WARN_CONSTANT_CONVERSION = YES;
				CLANG_WARN_DIRECT_OBJC_ISA_USAGE = YES_ERROR;
				CLANG_WARN_EMPTY_BODY = YES;
				CLANG_WARN_ENUM_CONVERSION = YES;
				CLANG_WARN_INT_CONVERSION = YES;
				CLANG_WARN_OBJC_ROOT_CLASS = YES_ERROR;
				CLANG_WARN_UNREACHABLE_CODE = YES;
				CLANG_WARN__DUPLICATE_METHOD_MATCH = YES;
				"CODE_SIGN_IDENTITY[sdk=iphoneos*]" = "iPhone Developer";
				COPY_PHASE_STRIP = NO;
				DEBUG_INFORMATION_FORMAT = "dwarf-with-dsym";
				ENABLE_NS_ASSERTIONS = NO;
				ENABLE_STRICT_OBJC_MSGSEND = YES;
				GCC_C_LANGUAGE_STANDARD = gnu99;
				GCC_NO_COMMON_BLOCKS = YES;
				GCC_WARN_64_TO_32_BIT_CONVERSION = YES;
				GCC_WARN_ABOUT_RETURN_TYPE = YES_ERROR;
				GCC_WARN_UNDECLARED_SELECTOR = YES;
				GCC_WARN_UNINITIALIZED_AUTOS = YES_AGGRESSIVE;
				GCC_WARN_UNUSED_FUNCTION = YES;
				GCC_WARN_UNUSED_VARIABLE = YES;
				IPHONEOS_DEPLOYMENT_TARGET = 9.2;
				MTL_ENABLE_DEBUG_INFO = NO;
				SDKROOT = iphoneos;
				VALIDATE_PRODUCT = YES;
			};
			name = Release;
		};
		AADFA2561C54397D00E3F057 /* Debug */ = {
			isa = XCBuildConfiguration;
			buildSettings = {
				ASSETCATALOG_COMPILER_APPICON_NAME = AppIcon;
				CLANG_ENABLE_MODULES = YES;
				INFOPLIST_FILE = Kikan/Info.plist;
				LD_RUNPATH_SEARCH_PATHS = "$(inherited) @executable_path/Frameworks";
				PRODUCT_BUNDLE_IDENTIFIER = com.gs.Kikan;
				PRODUCT_NAME = "$(TARGET_NAME)";
				SWIFT_OBJC_BRIDGING_HEADER = "/Users/qiushili/Documents/code_base/xcode/kikan/Kikan/Kikan-Bridging-Header.h";
				SWIFT_OPTIMIZATION_LEVEL = "-Onone";
			};
			name = Debug;
		};
		AADFA2571C54397D00E3F057 /* Release */ = {
			isa = XCBuildConfiguration;
			buildSettings = {
				ASSETCATALOG_COMPILER_APPICON_NAME = AppIcon;
				CLANG_ENABLE_MODULES = YES;
				INFOPLIST_FILE = Kikan/Info.plist;
				LD_RUNPATH_SEARCH_PATHS = "$(inherited) @executable_path/Frameworks";
				PRODUCT_BUNDLE_IDENTIFIER = com.gs.Kikan;
				PRODUCT_NAME = "$(TARGET_NAME)";
				SWIFT_OBJC_BRIDGING_HEADER = "/Users/qiushili/Documents/code_base/xcode/kikan/Kikan/Kikan-Bridging-Header.h";
			};
			name = Release;
		};
/* End XCBuildConfiguration section */

/* Begin XCConfigurationList section */
		AADFA23E1C54397D00E3F057 /* Build configuration list for PBXProject "Kikan" */ = {
			isa = XCConfigurationList;
			buildConfigurations = (
				AADFA2531C54397D00E3F057 /* Debug */,
				AADFA2541C54397D00E3F057 /* Release */,
			);
			defaultConfigurationIsVisible = 0;
			defaultConfigurationName = Release;
		};
		AADFA2551C54397D00E3F057 /* Build configuration list for PBXNativeTarget "Kikan" */ = {
			isa = XCConfigurationList;
			buildConfigurations = (
				AADFA2561C54397D00E3F057 /* Debug */,
				AADFA2571C54397D00E3F057 /* Release */,
			);
			defaultConfigurationIsVisible = 0;
			defaultConfigurationName = Release;
		};
/* End XCConfigurationList section */
	};
	rootObject = AADFA23B1C54397D00E3F057 /* Project object */;
}
